{
  "name": "poetry-bot",
  "version": "1.0.0",
  "lockfileVersion": 2,
  "requires": true,
  "packages": {
    "": {
      "name": "poetry-bot",
      "version": "1.0.0",
      "license": "MIT",
      "devDependencies": {
        "serverless-stage-manager": "^1.0.5"
      }
    },
    "node_modules/serverless-stage-manager": {
      "version": "1.0.5",
      "resolved": "https://registry.npmjs.org/serverless-stage-manager/-/serverless-stage-manager-1.0.5.tgz",
      "integrity": "sha512-agCcM2knbs6/k+JHy0/D+fl7TcnHo+P3ULCP2DpTrbDloOCRL4J+3BFhO5+uHsQ63odahKi0Vy5Tqtzcug4+nw==",
      "dev": true
    }
  },
  "dependencies": {
    "serverless-stage-manager": {
      "version": "1.0.5",
      "resolved": "https://registry.npmjs.org/serverless-stage-manager/-/serverless-stage-manager-1.0.5.tgz",
      "integrity": "sha512-agCcM2knbs6/k+JHy0/D+fl7TcnHo+P3ULCP2DpTrbDloOCRL4J+3BFhO5+uHsQ63odahKi0Vy5Tqtzcug4+nw==",
      "dev": true
    }
  }
}
